
Microsoft Visual Studio Solution File, Format Version 12.00
# Visual Studio 15
VisualStudioVersion = 15.0.28307.421
MinimumVisualStudioVersion = 10.0.40219.1
Project("{FAE04EC0-301F-11D3-BF4B-00C04F79EFBC}") = "A4Areo", "A4Areo\A4Areo.csproj", "{ED363B6A-8FE0-4F59-B546-2B3DE682C2A0}"
EndProject
Global
	GlobalSection(SolutionConfigurationPlatforms) = preSolution
		Debug|Any CPU = Debug|Any CPU
		Release|Any CPU = Release|Any CPU
	EndGlobalSection
	GlobalSection(ProjectConfigurationPlatforms) = postSolution
		{ED363B6A-8FE0-4F59-B546-2B3DE682C2A0}.Debug|Any CPU.ActiveCfg = Debug|Any CPU
		{ED363B6A-8FE0-4F59-B546-2B3DE682C2A0}.Debug|Any CPU.Build.0 = Debug|Any CPU
		{ED363B6A-8FE0-4F59-B546-2B3DE682C2A0}.Release|Any CPU.ActiveCfg = Release|Any CPU
		{ED363B6A-8FE0-4F59-B546-2B3DE682C2A0}.Release|Any CPU.Build.0 = Release|Any CPU
	EndGlobalSection
	GlobalSection(SolutionProperties) = preSolution
		HideSolutionNode = FALSE
	EndGlobalSection
	GlobalSection(ExtensibilityGlobals) = postSolution
		SolutionGuid = {7D26E2EB-B90B-415E-B120-8FEF1B71A77B}
	EndGlobalSection
EndGlobal
